# generated by rye
# use `rye lock` or `rye sync` to update this lockfile
#
# last locked with the following flags:
#   pre: false
#   features: []
#   all-features: false
#   with-sources: false
#   generate-hashes: false

ete3==3.1.3
numpy==1.26.4
psycopg==3.1.19
psycopg-binary==3.1.19
    # via psycopg
python-dotenv==1.0.1
six==1.16.0
typing-extensions==4.12.0
    # via psycopg
